
Microsoft Visual Studio Solution File, Format Version 12.00
# Visual Studio Version 17
VisualStudioVersion = 17.14.36221.1 d17.14
MinimumVisualStudioVersion = 10.0.40219.1
Project("{FAE04EC0-301F-11D3-BF4B-00C04F79EFBC}") = "Program", "Program\Program.csproj", "{B1A5CB41-1DAE-4DE0-8DAD-673A5F85BD17}"
EndProject
Global
	GlobalSection(SolutionConfigurationPlatforms) = preSolution
		Debug|Any CPU = Debug|Any CPU
		Release|Any CPU = Release|Any CPU
	EndGlobalSection
	GlobalSection(ProjectConfigurationPlatforms) = postSolution
		{B1A5CB41-1DAE-4DE0-8DAD-673A5F85BD17}.Debug|Any CPU.ActiveCfg = Debug|Any CPU
		{B1A5CB41-1DAE-4DE0-8DAD-673A5F85BD17}.Debug|Any CPU.Build.0 = Debug|Any CPU
		{B1A5CB41-1DAE-4DE0-8DAD-673A5F85BD17}.Release|Any CPU.ActiveCfg = Release|Any CPU
		{B1A5CB41-1DAE-4DE0-8DAD-673A5F85BD17}.Release|Any CPU.Build.0 = Release|Any CPU
	EndGlobalSection
	GlobalSection(SolutionProperties) = preSolution
		HideSolutionNode = FALSE
	EndGlobalSection
	GlobalSection(ExtensibilityGlobals) = postSolution
		SolutionGuid = {E88C3636-28BC-4B26-A8A3-F3A34AD9476D}
	EndGlobalSection
EndGlobal
